
Microsoft Visual Studio Solution File, Format Version 12.00
# Visual Studio Version 16
VisualStudioVersion = 16.0.31605.320
MinimumVisualStudioVersion = 10.0.40219.1
Project("{FAE04EC0-301F-11D3-BF4B-00C04F79EFBC}") = "Irvix.Quotes", "Irvix.Quotes\Irvix.Quotes.csproj", "{19640152-BE27-4435-9862-FA6B12D63338}"
EndProject
Global
	GlobalSection(SolutionConfigurationPlatforms) = preSolution
		Debug|Any CPU = Debug|Any CPU
		Release|Any CPU = Release|Any CPU
	EndGlobalSection
	GlobalSection(ProjectConfigurationPlatforms) = postSolution
		{19640152-BE27-4435-9862-FA6B12D63338}.Debug|Any CPU.ActiveCfg = Debug|Any CPU
		{19640152-BE27-4435-9862-FA6B12D63338}.Debug|Any CPU.Build.0 = Debug|Any CPU
		{19640152-BE27-4435-9862-FA6B12D63338}.Release|Any CPU.ActiveCfg = Release|Any CPU
		{19640152-BE27-4435-9862-FA6B12D63338}.Release|Any CPU.Build.0 = Release|Any CPU
	EndGlobalSection
	GlobalSection(SolutionProperties) = preSolution
		HideSolutionNode = FALSE
	EndGlobalSection
	GlobalSection(ExtensibilityGlobals) = postSolution
		SolutionGuid = {C793893E-075A-46C9-9E6C-AB6A51088164}
	EndGlobalSection
EndGlobal
